
Microsoft Visual Studio Solution File, Format Version 12.00
# Visual Studio Version 17
VisualStudioVersion = 17.5.33516.290
MinimumVisualStudioVersion = 10.0.40219.1
Project("{FAE04EC0-301F-11D3-BF4B-00C04F79EFBC}") = "Mensajero", "Mensajero\Mensajero.csproj", "{CBD59279-5EF4-498E-B1BF-CD7D282E89D8}"
EndProject
Project("{FAE04EC0-301F-11D3-BF4B-00C04F79EFBC}") = "MensajeroModel", "MensajeroModel\MensajeroModel.csproj", "{839F8595-E851-472E-80AC-93A4F55FED42}"
EndProject
Project("{FAE04EC0-301F-11D3-BF4B-00C04F79EFBC}") = "ServidorSocketUtils", "ServidorSocketUtils\ServidorSocketUtils.csproj", "{C27DC876-A3F9-4B3E-8BAD-3174D2E3F000}"
EndProject
Global
	GlobalSection(SolutionConfigurationPlatforms) = preSolution
		Debug|Any CPU = Debug|Any CPU
		Release|Any CPU = Release|Any CPU
	EndGlobalSection
	GlobalSection(ProjectConfigurationPlatforms) = postSolution
		{CBD59279-5EF4-498E-B1BF-CD7D282E89D8}.Debug|Any CPU.ActiveCfg = Debug|Any CPU
		{CBD59279-5EF4-498E-B1BF-CD7D282E89D8}.Debug|Any CPU.Build.0 = Debug|Any CPU
		{CBD59279-5EF4-498E-B1BF-CD7D282E89D8}.Release|Any CPU.ActiveCfg = Release|Any CPU
		{CBD59279-5EF4-498E-B1BF-CD7D282E89D8}.Release|Any CPU.Build.0 = Release|Any CPU
		{839F8595-E851-472E-80AC-93A4F55FED42}.Debug|Any CPU.ActiveCfg = Debug|Any CPU
		{839F8595-E851-472E-80AC-93A4F55FED42}.Debug|Any CPU.Build.0 = Debug|Any CPU
		{839F8595-E851-472E-80AC-93A4F55FED42}.Release|Any CPU.ActiveCfg = Release|Any CPU
		{839F8595-E851-472E-80AC-93A4F55FED42}.Release|Any CPU.Build.0 = Release|Any CPU
		{C27DC876-A3F9-4B3E-8BAD-3174D2E3F000}.Debug|Any CPU.ActiveCfg = Debug|Any CPU
		{C27DC876-A3F9-4B3E-8BAD-3174D2E3F000}.Debug|Any CPU.Build.0 = Debug|Any CPU
		{C27DC876-A3F9-4B3E-8BAD-3174D2E3F000}.Release|Any CPU.ActiveCfg = Release|Any CPU
		{C27DC876-A3F9-4B3E-8BAD-3174D2E3F000}.Release|Any CPU.Build.0 = Release|Any CPU
	EndGlobalSection
	GlobalSection(SolutionProperties) = preSolution
		HideSolutionNode = FALSE
	EndGlobalSection
	GlobalSection(ExtensibilityGlobals) = postSolution
		SolutionGuid = {5CDC7CB1-B921-4C33-A55C-68171D869D88}
	EndGlobalSection
EndGlobal
