
Microsoft Visual Studio Solution File, Format Version 12.00
# Visual Studio Version 17
VisualStudioVersion = 17.6.33815.320
MinimumVisualStudioVersion = 10.0.40219.1
Project("{FAE04EC0-301F-11D3-BF4B-00C04F79EFBC}") = "EventosWebTest", "EventosWebTest\EventosWebTest.csproj", "{B37B5D10-338B-42E7-B2F0-3E454B845F0B}"
EndProject
Project("{FAE04EC0-301F-11D3-BF4B-00C04F79EFBC}") = "EventosModel", "EventosModel\EventosModel.csproj", "{0A4FE6A4-DD64-4B70-9190-B956FBD7AEBB}"
EndProject
Global
	GlobalSection(SolutionConfigurationPlatforms) = preSolution
		Debug|Any CPU = Debug|Any CPU
		Release|Any CPU = Release|Any CPU
	EndGlobalSection
	GlobalSection(ProjectConfigurationPlatforms) = postSolution
		{B37B5D10-338B-42E7-B2F0-3E454B845F0B}.Debug|Any CPU.ActiveCfg = Debug|Any CPU
		{B37B5D10-338B-42E7-B2F0-3E454B845F0B}.Debug|Any CPU.Build.0 = Debug|Any CPU
		{B37B5D10-338B-42E7-B2F0-3E454B845F0B}.Release|Any CPU.ActiveCfg = Release|Any CPU
		{B37B5D10-338B-42E7-B2F0-3E454B845F0B}.Release|Any CPU.Build.0 = Release|Any CPU
		{0A4FE6A4-DD64-4B70-9190-B956FBD7AEBB}.Debug|Any CPU.ActiveCfg = Debug|Any CPU
		{0A4FE6A4-DD64-4B70-9190-B956FBD7AEBB}.Debug|Any CPU.Build.0 = Debug|Any CPU
		{0A4FE6A4-DD64-4B70-9190-B956FBD7AEBB}.Release|Any CPU.ActiveCfg = Release|Any CPU
		{0A4FE6A4-DD64-4B70-9190-B956FBD7AEBB}.Release|Any CPU.Build.0 = Release|Any CPU
	EndGlobalSection
	GlobalSection(SolutionProperties) = preSolution
		HideSolutionNode = FALSE
	EndGlobalSection
	GlobalSection(ExtensibilityGlobals) = postSolution
		SolutionGuid = {3A81CF3B-3047-4BAE-82BE-45A8D2538EBD}
	EndGlobalSection
EndGlobal
