
Microsoft Visual Studio Solution File, Format Version 12.00
# Visual Studio Version 17
VisualStudioVersion = 17.6.33723.286
MinimumVisualStudioVersion = 10.0.40219.1
Project("{FAE04EC0-301F-11D3-BF4B-00C04F79EFBC}") = "EventosWEB", "Solucion'EventosWEB\EventosWEB.csproj", "{FF893B11-4920-43DB-9056-6E9E4D6DBFD1}"
EndProject
Project("{FAE04EC0-301F-11D3-BF4B-00C04F79EFBC}") = "EventosModel", "EventosWEB\EventosModel.csproj", "{F520BD24-6A54-4239-A5F5-06DD2F7CDEE2}"
EndProject
Global
	GlobalSection(SolutionConfigurationPlatforms) = preSolution
		Debug|Any CPU = Debug|Any CPU
		Release|Any CPU = Release|Any CPU
	EndGlobalSection
	GlobalSection(ProjectConfigurationPlatforms) = postSolution
		{FF893B11-4920-43DB-9056-6E9E4D6DBFD1}.Debug|Any CPU.ActiveCfg = Debug|Any CPU
		{FF893B11-4920-43DB-9056-6E9E4D6DBFD1}.Debug|Any CPU.Build.0 = Debug|Any CPU
		{FF893B11-4920-43DB-9056-6E9E4D6DBFD1}.Release|Any CPU.ActiveCfg = Release|Any CPU
		{FF893B11-4920-43DB-9056-6E9E4D6DBFD1}.Release|Any CPU.Build.0 = Release|Any CPU
		{F520BD24-6A54-4239-A5F5-06DD2F7CDEE2}.Debug|Any CPU.ActiveCfg = Debug|Any CPU
		{F520BD24-6A54-4239-A5F5-06DD2F7CDEE2}.Debug|Any CPU.Build.0 = Debug|Any CPU
		{F520BD24-6A54-4239-A5F5-06DD2F7CDEE2}.Release|Any CPU.ActiveCfg = Release|Any CPU
		{F520BD24-6A54-4239-A5F5-06DD2F7CDEE2}.Release|Any CPU.Build.0 = Release|Any CPU
	EndGlobalSection
	GlobalSection(SolutionProperties) = preSolution
		HideSolutionNode = FALSE
	EndGlobalSection
	GlobalSection(ExtensibilityGlobals) = postSolution
		SolutionGuid = {3BB09B80-F67E-4128-BE60-AE33F4B91EA2}
	EndGlobalSection
EndGlobal
